<?xml version="1.0" encoding="utf-8"?>
<Project ToolsVersion="4.0" xmlns="http://schemas.microsoft.com/developer/msbuild/2003">
  <ItemGroup>
    <ClCompile Include="SandboxApplication.cpp">
      <Filter>Application</Filter>
    </ClCompile>
    <ClCompile Include="BobblePlayer.cpp">
      <Filter>Prefabs</Filter>
    </ClCompile>
    <ClCompile Include="BobbleIdle.cpp">
      <Filter>BobbleStates</Filter>
    </ClCompile>
    <ClCompile Include="BobbleWalking.cpp">
      <Filter>BobbleStates</Filter>
    </ClCompile>
    <ClCompile Include="BobbleJump.cpp">
      <Filter>BobbleStates</Filter>
    </ClCompile>
    <ClCompile Include="LevelManager.cpp">
      <Filter>Managers</Filter>
    </ClCompile>
    <ClCompile Include="PopUpManager.cpp">
      <Filter>Managers</Filter>
    </ClCompile>
    <ClCompile Include="MaitaSeeking.cpp">
      <Filter>MaitaStates</Filter>
    </ClCompile>
    <ClCompile Include="Maita.cpp">
      <Filter>Prefabs</Filter>
    </ClCompile>
    <ClCompile Include="MainMenuScene.cpp">
      <Filter>Scenes</Filter>
    </ClCompile>
    <ClCompile Include="Bubble.cpp">
      <Filter>Prefabs</Filter>
    </ClCompile>
    <ClCompile Include="BubbleIdle.cpp">
      <Filter>BubbleStates</Filter>
    </ClCompile>
    <ClCompile Include="BubbleMaita.cpp">
      <Filter>BubbleStates</Filter>
    </ClCompile>
    <ClCompile Include="BubbleZenChan.cpp">
      <Filter>BubbleStates</Filter>
    </ClCompile>
    <ClCompile Include="ScoreManager.cpp">
      <Filter>Managers</Filter>
    </ClCompile>
    <ClCompile Include="BubblePop.cpp">
      <Filter>BubbleStates</Filter>
    </ClCompile>
    <ClCompile Include="BubbleMaitaDead.cpp">
      <Filter>BubbleStates</Filter>
    </ClCompile>
    <ClCompile Include="Fries.cpp">
      <Filter>Prefabs\PickUp</Filter>
    </ClCompile>
    <ClCompile Include="MaitaIdle.cpp">
      <Filter>MaitaStates</Filter>
    </ClCompile>
    <ClCompile Include="ZenChan.cpp">
      <Filter>Prefabs</Filter>
    </ClCompile>
    <ClCompile Include="ZenChanIdle.cpp">
      <Filter>ZenChanStates</Filter>
    </ClCompile>
    <ClCompile Include="ZenChanSeeking.cpp">
      <Filter>ZenChanStates</Filter>
    </ClCompile>
    <ClCompile Include="BubbleZenChanDead.cpp">
      <Filter>BubbleStates</Filter>
    </ClCompile>
    <ClCompile Include="WaterMelon.cpp">
      <Filter>Prefabs\PickUp</Filter>
    </ClCompile>
    <ClCompile Include="Wall.cpp">
      <Filter>Prefabs</Filter>
    </ClCompile>
    <ClCompile Include="Level1Scene.cpp">
      <Filter>Scenes\Solo</Filter>
    </ClCompile>
    <ClCompile Include="Level2Scene.cpp">
      <Filter>Scenes\Solo</Filter>
    </ClCompile>
    <ClCompile Include="Level3Scene.cpp">
      <Filter>Scenes\Solo</Filter>
    </ClCompile>
    <ClCompile Include="Level1CoopScene.cpp">
      <Filter>Scenes\Coop</Filter>
    </ClCompile>
    <ClCompile Include="Level1VersusScene.cpp">
      <Filter>Scenes\Versus</Filter>
    </ClCompile>
    <ClCompile Include="Level2CoopScene.cpp">
      <Filter>Scenes\Coop</Filter>
    </ClCompile>
    <ClCompile Include="Level2VersusScene.cpp">
      <Filter>Scenes\Versus</Filter>
    </ClCompile>
    <ClCompile Include="Level3CoopScene.cpp">
      <Filter>Scenes\Coop</Filter>
    </ClCompile>
    <ClCompile Include="Level3VersusScene.cpp">
      <Filter>Scenes\Versus</Filter>
    </ClCompile>
    <ClCompile Include="SceneSelectorScene.cpp">
      <Filter>Scenes\Solo</Filter>
    </ClCompile>
    <ClCompile Include="SceneSelectorCoopScene.cpp">
      <Filter>Scenes\Coop</Filter>
    </ClCompile>
    <ClCompile Include="SceneSelectorVersusScene.cpp">
      <Filter>Scenes\Versus</Filter>
    </ClCompile>
  </ItemGroup>
  <ItemGroup>
    <ClInclude Include="PlayerCommands.h">
      <Filter>Commands</Filter>
    </ClInclude>
    <ClInclude Include="BobbleState.h">
      <Filter>BobbleStates</Filter>
    </ClInclude>
    <ClInclude Include="BobblePlayer.h">
      <Filter>Prefabs</Filter>
    </ClInclude>
    <ClInclude Include="BobbleIdle.h">
      <Filter>BobbleStates</Filter>
    </ClInclude>
    <ClInclude Include="BobbleWalking.h">
      <Filter>BobbleStates</Filter>
    </ClInclude>
    <ClInclude Include="BobbleJump.h">
      <Filter>BobbleStates</Filter>
    </ClInclude>
    <ClInclude Include="LevelManager.h">
      <Filter>Managers</Filter>
    </ClInclude>
    <ClInclude Include="PopUpManager.h">
      <Filter>Managers</Filter>
    </ClInclude>
    <ClInclude Include="MaitaIdle.h">
      <Filter>MaitaStates</Filter>
    </ClInclude>
    <ClInclude Include="MaitaState.h">
      <Filter>MaitaStates</Filter>
    </ClInclude>
    <ClInclude Include="MaitaCommands.h">
      <Filter>Commands</Filter>
    </ClInclude>
    <ClInclude Include="MaitaSeeking.h">
      <Filter>MaitaStates</Filter>
    </ClInclude>
    <ClInclude Include="Maita.h">
      <Filter>Prefabs</Filter>
    </ClInclude>
    <ClInclude Include="MainMenuScene.h">
      <Filter>Scenes</Filter>
    </ClInclude>
    <ClInclude Include="Bubble.h">
      <Filter>Prefabs</Filter>
    </ClInclude>
    <ClInclude Include="BubbleState.h">
      <Filter>BubbleStates</Filter>
    </ClInclude>
    <ClInclude Include="BubbleIdle.h">
      <Filter>BubbleStates</Filter>
    </ClInclude>
    <ClInclude Include="BubbleMaita.h">
      <Filter>BubbleStates</Filter>
    </ClInclude>
    <ClInclude Include="BubbleZenChan.h">
      <Filter>BubbleStates</Filter>
    </ClInclude>
    <ClInclude Include="BubbleCommands.h">
      <Filter>Commands</Filter>
    </ClInclude>
    <ClInclude Include="ScoreManager.h">
      <Filter>Managers</Filter>
    </ClInclude>
    <ClInclude Include="BubblePop.h">
      <Filter>BubbleStates</Filter>
    </ClInclude>
    <ClInclude Include="BubbleMaitaDead.h">
      <Filter>BubbleStates</Filter>
    </ClInclude>
    <ClInclude Include="Fries.h">
      <Filter>Prefabs\PickUp</Filter>
    </ClInclude>
    <ClInclude Include="ZenChan.h">
      <Filter>Prefabs</Filter>
    </ClInclude>
    <ClInclude Include="ZenChanIdle.h">
      <Filter>ZenChanStates</Filter>
    </ClInclude>
    <ClInclude Include="ZenChanSeeking.h">
      <Filter>ZenChanStates</Filter>
    </ClInclude>
    <ClInclude Include="ZenChanState.h">
      <Filter>ZenChanStates</Filter>
    </ClInclude>
    <ClInclude Include="ZenChanCommands.h">
      <Filter>Commands</Filter>
    </ClInclude>
    <ClInclude Include="BubbleZenChanDead.h">
      <Filter>BubbleStates</Filter>
    </ClInclude>
    <ClInclude Include="WaterMelon.h">
      <Filter>Prefabs\PickUp</Filter>
    </ClInclude>
    <ClInclude Include="Wall.h">
      <Filter>Prefabs</Filter>
    </ClInclude>
    <ClInclude Include="Level1Scene.h">
      <Filter>Scenes\Solo</Filter>
    </ClInclude>
    <ClInclude Include="Level2Scene.h">
      <Filter>Scenes\Solo</Filter>
    </ClInclude>
    <ClInclude Include="Level3Scene.h">
      <Filter>Scenes\Solo</Filter>
    </ClInclude>
    <ClInclude Include="Level1CoopScene.h">
      <Filter>Scenes\Coop</Filter>
    </ClInclude>
    <ClInclude Include="Level1VersusScene.h">
      <Filter>Scenes\Versus</Filter>
    </ClInclude>
    <ClInclude Include="Level2CoopScene.h">
      <Filter>Scenes\Coop</Filter>
    </ClInclude>
    <ClInclude Include="Level2VersusScene.h">
      <Filter>Scenes\Versus</Filter>
    </ClInclude>
    <ClInclude Include="Level3CoopScene.h">
      <Filter>Scenes\Coop</Filter>
    </ClInclude>
    <ClInclude Include="Level3VersusScene.h">
      <Filter>Scenes\Versus</Filter>
    </ClInclude>
    <ClInclude Include="SceneSelectorScene.h">
      <Filter>Scenes\Solo</Filter>
    </ClInclude>
    <ClInclude Include="SceneSelectorCoopScene.h">
      <Filter>Scenes\Coop</Filter>
    </ClInclude>
    <ClInclude Include="SceneSelectorVersusScene.h">
      <Filter>Scenes\Versus</Filter>
    </ClInclude>
  </ItemGroup>
  <ItemGroup>
    <Filter Include="Scenes">
      <UniqueIdentifier>{0ced9859-b26e-4ed5-9809-4053f41da6e7}</UniqueIdentifier>
    </Filter>
    <Filter Include="Prefabs">
      <UniqueIdentifier>{a17292a6-1528-4dc0-89a4-99fb1fb4ff3f}</UniqueIdentifier>
    </Filter>
    <Filter Include="Managers">
      <UniqueIdentifier>{1f2bc635-aaf5-4241-aba7-96bfff65d2d4}</UniqueIdentifier>
    </Filter>
    <Filter Include="Application">
      <UniqueIdentifier>{6c2d4d68-ca24-4167-a4c4-2d1434efc93a}</UniqueIdentifier>
    </Filter>
    <Filter Include="Commands">
      <UniqueIdentifier>{3e3afb9f-caac-43eb-8582-22d8bb7b560a}</UniqueIdentifier>
    </Filter>
    <Filter Include="BobbleStates">
      <UniqueIdentifier>{689c639a-c455-43d9-9146-b3a7b4492793}</UniqueIdentifier>
    </Filter>
    <Filter Include="MaitaStates">
      <UniqueIdentifier>{17efe9f7-5607-46ec-bc52-d5880b91de05}</UniqueIdentifier>
    </Filter>
    <Filter Include="BubbleStates">
      <UniqueIdentifier>{1ad1d485-b717-4e4b-b064-6dc78c79687c}</UniqueIdentifier>
    </Filter>
    <Filter Include="Helpers">
      <UniqueIdentifier>{85e6fdf2-368f-49a3-9f9e-7ae43a3c04a1}</UniqueIdentifier>
    </Filter>
    <Filter Include="Prefabs\PickUp">
      <UniqueIdentifier>{db594ad1-23c6-420c-9852-0ee3965592c0}</UniqueIdentifier>
    </Filter>
    <Filter Include="ZenChanStates">
      <UniqueIdentifier>{c82c40f1-965e-49c0-95c9-94c95fff2be1}</UniqueIdentifier>
    </Filter>
    <Filter Include="Scenes\Solo">
      <UniqueIdentifier>{fceac17f-397a-4aea-9187-45ced9b8c326}</UniqueIdentifier>
    </Filter>
    <Filter Include="Scenes\Coop">
      <UniqueIdentifier>{8a5c8daf-30e1-4054-a609-77c747fb02e1}</UniqueIdentifier>
    </Filter>
    <Filter Include="Scenes\Versus">
      <UniqueIdentifier>{8bfedb3a-abb9-4132-84e8-aeb662b82d58}</UniqueIdentifier>
    </Filter>
  </ItemGroup>
</Project>