<?xml version="1.0" encoding="utf-8"?>
<Project ToolsVersion="4.0" xmlns="http://schemas.microsoft.com/developer/msbuild/2003">
  <ItemGroup>
    <ClCompile Include="TestScene.cpp">
      <Filter>Scenes</Filter>
    </ClCompile>
    <ClCompile Include="PopUpManager.cpp">
      <Filter>Helpers</Filter>
    </ClCompile>
    <ClCompile Include="SandboxApplication.cpp">
      <Filter>Application</Filter>
    </ClCompile>
    <ClCompile Include="TestPlayer.cpp">
      <Filter>Prefabs</Filter>
    </ClCompile>
  </ItemGroup>
  <ItemGroup>
    <ClInclude Include="TestScene.h">
      <Filter>Scenes</Filter>
    </ClInclude>
    <ClInclude Include="PopUpManager.h">
      <Filter>Helpers</Filter>
    </ClInclude>
    <ClInclude Include="TestPlayer.h">
      <Filter>Prefabs</Filter>
    </ClInclude>
    <ClInclude Include="PlayerCommands.h">
      <Filter>Commands</Filter>
    </ClInclude>
  </ItemGroup>
  <ItemGroup>
    <Filter Include="Scenes">
      <UniqueIdentifier>{0ced9859-b26e-4ed5-9809-4053f41da6e7}</UniqueIdentifier>
    </Filter>
    <Filter Include="Prefabs">
      <UniqueIdentifier>{a17292a6-1528-4dc0-89a4-99fb1fb4ff3f}</UniqueIdentifier>
    </Filter>
    <Filter Include="Managers">
      <UniqueIdentifier>{1f2bc635-aaf5-4241-aba7-96bfff65d2d4}</UniqueIdentifier>
    </Filter>
    <Filter Include="Helpers">
      <UniqueIdentifier>{85e6fdf2-368f-49a3-9f9e-7ae43a3c04a1}</UniqueIdentifier>
    </Filter>
    <Filter Include="Application">
      <UniqueIdentifier>{6c2d4d68-ca24-4167-a4c4-2d1434efc93a}</UniqueIdentifier>
    </Filter>
    <Filter Include="Commands">
      <UniqueIdentifier>{3e3afb9f-caac-43eb-8582-22d8bb7b560a}</UniqueIdentifier>
    </Filter>
  </ItemGroup>
</Project>